Microsoft Visual Studio Solution File, Format Version 12.00
# Visual Studio Version 17
VisualStudioVersion = 17.5.2.0
MinimumVisualStudioVersion = 10.0.40219.1
Project("{FAE04EC0-301F-11D3-BF4B-00C04F79EFBC}") = "Trignis", "Source\Trignis.csproj", "{090AAC4C-33A5-5F58-A55A-32C5CF7E406F}"
EndProject
Global
	GlobalSection(SolutionConfigurationPlatforms) = preSolution
		Debug|Any CPU = Debug|Any CPU
		Release|Any CPU = Release|Any CPU
	EndGlobalSection
	GlobalSection(ProjectConfigurationPlatforms) = postSolution
		{090AAC4C-33A5-5F58-A55A-32C5CF7E406F}.Debug|Any CPU.ActiveCfg = Debug|Any CPU
		{090AAC4C-33A5-5F58-A55A-32C5CF7E406F}.Debug|Any CPU.Build.0 = Debug|Any CPU
		{090AAC4C-33A5-5F58-A55A-32C5CF7E406F}.Release|Any CPU.ActiveCfg = Release|Any CPU
		{090AAC4C-33A5-5F58-A55A-32C5CF7E406F}.Release|Any CPU.Build.0 = Release|Any CPU
	EndGlobalSection
	GlobalSection(SolutionProperties) = preSolution
		HideSolutionNode = FALSE
	EndGlobalSection
	GlobalSection(ExtensibilityGlobals) = postSolution
		SolutionGuid = {152E692F-1ACF-4643-911B-A8F28B7B0B0A}
	EndGlobalSection
EndGlobal
